
Microsoft Visual Studio Solution File, Format Version 12.00
# Visual Studio Version 16
VisualStudioVersion = 16.0.31605.320
MinimumVisualStudioVersion = 10.0.40219.1
Project("{9A19103F-16F7-4668-BE54-9A1E7A4F7556}") = "Sport.Domain", "src\api\Sport.Domain\Sport.Domain.csproj", "{22C2B9AD-EA35-40B7-B6C9-9338D9F34F6D}"
EndProject
Project("{9A19103F-16F7-4668-BE54-9A1E7A4F7556}") = "Sport.Infrastructure", "src\api\Sport.Infrastructure\Sport.Infrastructure.csproj", "{ED36A214-0E7B-4159-A104-743A256637A6}"
EndProject
Project("{9A19103F-16F7-4668-BE54-9A1E7A4F7556}") = "Sport.API", "src\api\Sport.API\Sport.API.csproj", "{B049E114-7D4B-4043-979B-596C155B152C}"
EndProject
Project("{2150E333-8FDC-42A3-9474-1A3956D46DE8}") = "src", "src", "{5156001A-B89E-4D0B-B776-D5781E6CDD7C}"
EndProject
Project("{9A19103F-16F7-4668-BE54-9A1E7A4F7556}") = "Sport.Service", "src\api\Sport.Service\Sport.Service.csproj", "{8CF7CC38-AC47-4DD1-A609-C72C04B84A7E}"
EndProject
Project("{9A19103F-16F7-4668-BE54-9A1E7A4F7556}") = "Sport.Service.Tests", "src\tests\Sport.Service.Tests\Sport.Service.Tests.csproj", "{5816D6DA-891B-4CE3-9C84-FF6741AB8892}"
EndProject
Project("{2150E333-8FDC-42A3-9474-1A3956D46DE8}") = "api", "api", "{C6469CFE-906F-4381-8A40-6926C0E21B99}"
EndProject
Project("{2150E333-8FDC-42A3-9474-1A3956D46DE8}") = "client", "client", "{E47D2E5F-36B8-46D2-B5E8-CCE9ECDA2EC0}"
EndProject
Project("{9A19103F-16F7-4668-BE54-9A1E7A4F7556}") = "Sport.API.Tests", "src\tests\Sport.API.Tests\Sport.API.Tests.csproj", "{4EE76024-81CD-4242-AA03-A78B61EAD088}"
EndProject
Project("{2150E333-8FDC-42A3-9474-1A3956D46DE8}") = "tests", "tests", "{5D13ADD3-6E79-43A2-9D61-20A75FAEF0D8}"
EndProject
Global
	GlobalSection(SolutionConfigurationPlatforms) = preSolution
		Debug|Any CPU = Debug|Any CPU
		Release|Any CPU = Release|Any CPU
	EndGlobalSection
	GlobalSection(ProjectConfigurationPlatforms) = postSolution
		{22C2B9AD-EA35-40B7-B6C9-9338D9F34F6D}.Debug|Any CPU.ActiveCfg = Debug|Any CPU
		{22C2B9AD-EA35-40B7-B6C9-9338D9F34F6D}.Debug|Any CPU.Build.0 = Debug|Any CPU
		{22C2B9AD-EA35-40B7-B6C9-9338D9F34F6D}.Release|Any CPU.ActiveCfg = Release|Any CPU
		{22C2B9AD-EA35-40B7-B6C9-9338D9F34F6D}.Release|Any CPU.Build.0 = Release|Any CPU
		{ED36A214-0E7B-4159-A104-743A256637A6}.Debug|Any CPU.ActiveCfg = Debug|Any CPU
		{ED36A214-0E7B-4159-A104-743A256637A6}.Debug|Any CPU.Build.0 = Debug|Any CPU
		{ED36A214-0E7B-4159-A104-743A256637A6}.Release|Any CPU.ActiveCfg = Release|Any CPU
		{ED36A214-0E7B-4159-A104-743A256637A6}.Release|Any CPU.Build.0 = Release|Any CPU
		{B049E114-7D4B-4043-979B-596C155B152C}.Debug|Any CPU.ActiveCfg = Debug|Any CPU
		{B049E114-7D4B-4043-979B-596C155B152C}.Debug|Any CPU.Build.0 = Debug|Any CPU
		{B049E114-7D4B-4043-979B-596C155B152C}.Release|Any CPU.ActiveCfg = Release|Any CPU
		{B049E114-7D4B-4043-979B-596C155B152C}.Release|Any CPU.Build.0 = Release|Any CPU
		{8CF7CC38-AC47-4DD1-A609-C72C04B84A7E}.Debug|Any CPU.ActiveCfg = Debug|Any CPU
		{8CF7CC38-AC47-4DD1-A609-C72C04B84A7E}.Debug|Any CPU.Build.0 = Debug|Any CPU
		{8CF7CC38-AC47-4DD1-A609-C72C04B84A7E}.Release|Any CPU.ActiveCfg = Release|Any CPU
		{8CF7CC38-AC47-4DD1-A609-C72C04B84A7E}.Release|Any CPU.Build.0 = Release|Any CPU
		{5816D6DA-891B-4CE3-9C84-FF6741AB8892}.Debug|Any CPU.ActiveCfg = Debug|Any CPU
		{5816D6DA-891B-4CE3-9C84-FF6741AB8892}.Debug|Any CPU.Build.0 = Debug|Any CPU
		{5816D6DA-891B-4CE3-9C84-FF6741AB8892}.Release|Any CPU.ActiveCfg = Release|Any CPU
		{5816D6DA-891B-4CE3-9C84-FF6741AB8892}.Release|Any CPU.Build.0 = Release|Any CPU
		{4EE76024-81CD-4242-AA03-A78B61EAD088}.Debug|Any CPU.ActiveCfg = Debug|Any CPU
		{4EE76024-81CD-4242-AA03-A78B61EAD088}.Debug|Any CPU.Build.0 = Debug|Any CPU
		{4EE76024-81CD-4242-AA03-A78B61EAD088}.Release|Any CPU.ActiveCfg = Release|Any CPU
		{4EE76024-81CD-4242-AA03-A78B61EAD088}.Release|Any CPU.Build.0 = Release|Any CPU
	EndGlobalSection
	GlobalSection(SolutionProperties) = preSolution
		HideSolutionNode = FALSE
	EndGlobalSection
	GlobalSection(NestedProjects) = preSolution
		{22C2B9AD-EA35-40B7-B6C9-9338D9F34F6D} = {C6469CFE-906F-4381-8A40-6926C0E21B99}
		{ED36A214-0E7B-4159-A104-743A256637A6} = {C6469CFE-906F-4381-8A40-6926C0E21B99}
		{B049E114-7D4B-4043-979B-596C155B152C} = {C6469CFE-906F-4381-8A40-6926C0E21B99}
		{8CF7CC38-AC47-4DD1-A609-C72C04B84A7E} = {C6469CFE-906F-4381-8A40-6926C0E21B99}
		{5816D6DA-891B-4CE3-9C84-FF6741AB8892} = {5D13ADD3-6E79-43A2-9D61-20A75FAEF0D8}
		{C6469CFE-906F-4381-8A40-6926C0E21B99} = {5156001A-B89E-4D0B-B776-D5781E6CDD7C}
		{E47D2E5F-36B8-46D2-B5E8-CCE9ECDA2EC0} = {5156001A-B89E-4D0B-B776-D5781E6CDD7C}
		{4EE76024-81CD-4242-AA03-A78B61EAD088} = {5D13ADD3-6E79-43A2-9D61-20A75FAEF0D8}
		{5D13ADD3-6E79-43A2-9D61-20A75FAEF0D8} = {5156001A-B89E-4D0B-B776-D5781E6CDD7C}
	EndGlobalSection
	GlobalSection(ExtensibilityGlobals) = postSolution
		SolutionGuid = {008BE604-5225-47FA-85A7-9C84E2AE8A20}
	EndGlobalSection
EndGlobal
